{
  "generator_version": "1.0.0",
  "schema_version": "1.0.0",
  "artifacts": {
    "decision-refs/DECISIONS.md": "4a66c72d1967bee36e01cab793debb55965e8ff429cda177b66b8a8687e0ef8c",
    "decision-refs/index.json": "f160a89b39d77da6a5cd153eca65fd700440b53f0e3b266e1e28f05eb0339c57",
    "decision-refs/l0/ADR-001.md": "96a42b12d7af05d53f9f86c0880002308b25a8a2ae81958097c3c895bb2f8471",
    "decision-refs/l0/ADR-002.md": "d71f45ae72d9dd006f0c066d1ff8ecba42894e1d181149af5870fe053fb04685",
    "decision-refs/l0/ADR-004.md": "2886f0b3b528c868178ab36103eccd4da71017871ded266a15d3c695d851ecef",
    "decision-refs/l0/ADR-005.md": "e847f6644eecb72f9e5c47c6d4d1fa7308106d007ad8dabe8971b0c165a83d91",
    "decision-refs/l0/ADR-006.md": "6f253f51816d3a39ee226df8e467a5f16cafd60cae44b8b6e0eafc7d55fc16f4",
    "decision-refs/l0/ADR-008.md": "157da0c0ad046e0676777167c251485e3d8ff32367b4f9967a19d34871d2a0d0",
    "decision-refs/l0/ADR-009.md": "27a3942f83cc7b7c4c0179d2dcd797129bad442bfd343dbe73df752705a79abc",
    "decision-refs/l0/ADR-010.md": "7cc8aa38326956b76c4fe0dddf69ac738cfc99fc32be515904abbea6b240ed5c",
    "decision-refs/l0/ADR-011.md": "dda4c9a1b3465280d3cffc30c409f761c2d5e6cfdfba68ea1c2c1da61f507944",
    "decision-refs/l0/ADR-012.md": "73dcdd401a52a90b7b7b16ef6710ee4d28d392f0c0e929be923dda6aa425d6ca",
    "decision-refs/l0/ADR-013.md": "a97be90b33d173421249920ddc6f5ac0f6fea8a8177833925185ea31627490ff",
    "decision-refs/l0/ADR-014.md": "f2d28c166c561fb1b2dd313b374d9f6bb924bbb4e97242f8ddf50d793ced8876",
    "decision-refs/l0/ADR-015.md": "8cde02a1482269dd985793be850886b6976cc42b4651309e7947d01cb651b73d",
    "decision-refs/l0/ADR-016.md": "d20c38b9cb0e714d77a11eb33a39c2df21bf3c6c6366ca5e95f1654a7ab13381",
    "decision-refs/l0/ADR-017.md": "3df74ce097bdede7f8023bb104b90d3c3c37270e3c8dd69f70c08aa6def476e5",
    "decision-refs/l0/ADR-018.md": "eac28426a66bc7c2017ac3781d590248ee6996d4be11d55f2be5d6af8d967c04",
    "decision-refs/l0/ADR-019.md": "a5f34c9753244af9bcffc8398a63664259add9faecaf86dca55af81bb4aea1f8",
    "decision-refs/l0/ADR-020.md": "58ddb7cb81afb2e8279ef8c5f3bb8183c0c0115db13a26f29f1636b5ae89c216",
    "decision-refs/l0/ADR-021.md": "6fa61cdfc713453de689f7df712000e1158dae6734555d2474bd7c1b17477c22",
    "decision-refs/l0/ADR-022.md": "bdcf2f50950409d552c07e07fc9ef2ac06caae6f6fd2b1351c47854bc5009126",
    "decision-refs/l0/ADR-023.md": "16364b24e587c993fcc2d11ae7889f856aafb385a248e5439cf0b9d34f564338",
    "decision-refs/l0/ADR-024.md": "48c532fa638ec6641e826a9a9035a11e1c7d35cb1ceca402d64c6ceb955355f1",
    "decision-refs/l0/ADR-025.md": "fcd4b28414635b5fa9426109b2ea0718fd0ea38652577aaa9c7711942146d27a",
    "decision-refs/l0/ADR-026.md": "b57a9686a037263cab401e490211cb0cbbfdc805f64633eb9c087276e0b0ade1",
    "decision-refs/l0/ADR-027.md": "7393f6368ffdb666294ca28039f75dc259e372ea07718226ad3417afd92e78d0",
    "decision-refs/l0/ADR-028.md": "0129849459c6888dc5103e442ee5abaff577af06b528c56129bb0fb2e914c224",
    "decision-refs/l0/ADR-029.md": "3258b172d15cf24443e683b91d7dab36ce7bddd4cf8e30497568a439ca3eaaa8",
    "decision-refs/l0/ADR-030.md": "64e44a25ef6e9b0bc695cd8bd6281b24b3e857345fcfe665f7fd9fb99c6fddae",
    "decision-refs/l0/ADR-031.md": "1841e740e346eb43d5f0780581f47c33b70b4888e6630e742865d8a2ac385452",
    "decision-refs/l0/ADR-032.md": "97494d373db1177abf35642d43885530e6b900a1659b71cca18d5eefba6470d1",
    "decision-refs/l0/ADR-033.md": "3cf60059d21655e6f03fdd327cbfcda77622e4859c351f5f709ba9e1ace2b6ed",
    "decision-refs/l0/ADR-034.md": "a48e87fbd67521d49cbbf00180e204acb6a57d1566091e98e4f2c1b86430475b",
    "decision-refs/l0/ADR-035.md": "8a3467ce1d09610ad22259229947443a94d86841601bc711b3ae0029bb758a59",
    "decision-refs/l0/ADR-036.md": "a6421f1764d738609d9d2bad4105750e1a693a843b0bf5286ad42a3c691633fe",
    "decision-refs/l0/ADR-037.md": "27c313635aa94683525d187e4d85f72993fb9a493af126e9e3bbf2e47d741c9d",
    "decision-refs/l0/ADR-038.md": "c3de17c3a8cf3f9a4bae4d390763a29c2f0189ae26d5364814beffa970e85565",
    "decision-refs/l0/ADR-039.md": "896239a43911e3eca956b6ff3e59ba7e0f0bab869c3568ddaa6c057a5bb2949b",
    "decision-refs/l0/ADR-040.md": "85c4acf832e4d67047f84eb78fea4c28089f75366c84ce03cf179cfafba5767c",
    "decision-refs/l0/ADR-041.md": "8d1475a604fc4fa3d555d38d7252b92ff04efe1ab4a9db3dc528888932518b47",
    "decision-refs/l0/ADR-042.md": "92c32daac477b54916721998fbbaa4e56cb965d353b60cca08f154f6cbdde56c",
    "decision-refs/l0/ADR-043.md": "859b5d2c3c69be53ba8782fd8842cbfc804ff2a8598e90e0aaa735f538ccabb2",
    "decision-refs/l0/ADR-045.md": "e8a37df7bb5324044c4363b38225dcc21f43c82757962dc4289f849b78f9de7f",
    "decision-refs/l0/ADR-046.md": "e39c4b30c4230dc1b6903645fb5a1adec3388ba984049f45decbc6cfe20b38bb",
    "decision-refs/l0/ADR-047.md": "57d4c240d952f76d979d765b4d644440f4f4edb1a8bea9556a69cf232ca54d3a",
    "decision-refs/l0/ADR-048.md": "482d4a0f035e5a42997568441663f4b8400019643c89a321b72c7db687c9e916",
    "decision-refs/l0/ADR-049.md": "44ddb3bc7f847ba188a0f0bf1e14ad94e4aa9d4ec1b2147dea613081b44f6a6f",
    "decision-refs/l0/ADR-050.md": "647fa8a576d11e9017eaf6e2ebd8bd03b6c26be8dbc09d613dd409f8c549c523",
    "decision-refs/l0/ADR-051.md": "189d30299e2698c73221bccab74bd4523be44eb5a94df08b883b6b969c2997c4",
    "decision-refs/l0/ADR-052.md": "e5a6af7fe9a7cbadb94290a5aa56b826936bde249529fdcc01384532f2e468e2",
    "decision-refs/l0/ADR-053.md": "18f25451244b390c21940b019f873dbcb94785700ab023a665e7e75dd4989c0f",
    "decision-refs/l0/ADR-054.md": "22104fab12a7603cec7608cf50f4d88d7c42443bb9b2273dc8bedaa30bce4a14",
    "decision-refs/l0/ADR-055.md": "a60070267c7d8b75cebceb3f996582d913f7dcae1efc742b2c5763154e682d25",
    "decision-refs/l0/ADR-056.md": "453f8c1b607c024366c99ecd428c3ba37b7150752e6f5331e1b5b870bdb33ff6",
    "decision-refs/l0/BRIEF-001.md": "6d03384d4615aa6137abcbc1c362a5637fd5e48b121a58f87549318242227a1f",
    "decision-refs/l0/BRIEF-002.md": "7cef6830d25a0629941a14d53493d507fee51cd09695adbef58a3124da293106",
    "decision-refs/l0/BRIEF-003.md": "2a123e7829e09b2d34ff63667fc68a130f1d54aab59bf43062e13f89d560bc38",
    "decision-refs/l0/BRIEF-004.md": "06b6c0616795df3509217671ada701b252f1d78b2b87be569fbc16a1727f46b4",
    "decision-refs/l0/BRIEF-005.md": "366749873d7358acd800944d1b401bc89846b4f88a13b70abce0460265241aaa",
    "decision-refs/l0/BRIEF-006.md": "54dc3f9d634ef254d626a85159b099d4f24ab41d4b48ba5686721aed7d420a39",
    "decision-refs/l0/BRIEF-007.md": "18019d60426a744d8245913ac394a2bad46445239459fd0597a7525447c63bc2",
    "decision-refs/l0/BRIEF-008.md": "5a3e5c87256b0efdadea905d3cd3582cbc08d04e06986c8ba33c0e4c7cf4ccf3",
    "decision-refs/l0/BRIEF-009.md": "4d1e3473feb342c134b05fb1c8eed189fcc3a395915e73c99a833d43308f547e",
    "decision-refs/l0/BRIEF-010.md": "fe945e9721019920f2d9cbe0dea41bebfadb154123ea8fecec3a3b1efaf96673",
    "decision-refs/l0/BRIEF-011.md": "38ded8ccc88101c1b1b867ecc36cb23d53e597e6459d1891e329aabc6469569c",
    "decision-refs/l0/BRIEF-012.md": "ad074842327e25e588b784abe91b0c85007e84137e46b8103c7ca96a95448385",
    "decision-refs/l0/BRIEF-013.md": "d8b3d81f43629545062b48a41fec7c9c4b66c451f477b8917237e1489abea8a9",
    "decision-refs/l0/BRIEF-014.md": "2580e65883f824c83beb3b4b354ad1a31b732b74b9ea44c0a4c28df201ca7306",
    "decision-refs/l0/BRIEF-015.md": "15f1d5d05021f0e5536f17fc76a9284ccd0c8e4fdcf184dd16f1b3ddf601139e",
    "decision-refs/l0/PDR-001.md": "0f7f9038eb36a2d6391c9a71b8a3ad63811cb6e57fc6b347a18c39adef78970a",
    "decision-refs/l0/PDR-002.md": "f8b9d29dca00b0cb82899d23f02bdfdf8fb738ae5722846bb1eb6fac059005ae",
    "decision-refs/l0/PDR-003.md": "9758ebd38169a76d2983495eed3e433d4a80866d46f5dba164ead26af9dcdd06",
    "decision-refs/l0/PDR-004.md": "183bc2b54c9a1720f129c1754f706b9d9e22c38566f81ef270670bdb7aacaf3c",
    "decision-refs/l0/PDR-005.md": "0670801eff13b48e4ade2e637c32908379e5a5ca9b9d8f9f2e2298b6b6311720",
    "decision-refs/l0/PDR-006.md": "d4fefe45fdb116b195c0f566a2fba97346755d69d1220a57956500e0e0ef45f7",
    "decision-refs/l0/PDR-007.md": "abe9f4a7e94e46ec95d3557c1a5d20bf182a7b786da24adac87db3230d92e4fb",
    "decision-refs/l0/PDR-009.md": "33eea353abb6cf2ec08259ea7b35ba3e2ce698ec7c87c3a0ed2a5efd8b97bd40",
    "decision-refs/l0/PDR-010.md": "73dd2afb7cfe2d9cc1df59887f17009817d816eadcbca26ed6a68cc76af5935d",
    "decision-refs/l0/PDR-011.md": "23600e4d8a6d274fba9d046aed44e6bd8d44e903d309e3688ef0eb038eb4fa49",
    "decision-refs/l0/PDR-012.md": "a333895b9e322594ddfb6e4c38616ef0201217b7cd5f1d2794533b00e24e7d8e",
    "decision-refs/l0/PDR-013.md": "fff10d0e6f20ec0f0772a03f536d649665215c5ab12d77af5373c66608d0e307",
    "decision-refs/l0/PDR-014.md": "bd7e127382d52fef425698f1a00c100fcc157b444d234399b3a6242bf231339a",
    "decision-refs/l0/PDR-015.md": "b51e0af227671ac2bd5759af23caa8973308c73ea98cb4b75301ea8827850be7",
    "decision-refs/l0/PDR-016.md": "c26d8228db18d4c8376825cf64414736c556514de6e2daa028570175f14574e7",
    "decision-refs/l0/PDR-017.md": "034b49b4c052d5fab5514c2c07d86f0b861641d894d00954b28ee7e62fd1927b",
    "decision-refs/l0/PDR-018.md": "63c1d60a9ad841be4649ede9b782fe5a84f0959016f75b3fd662a08281245520",
    "decision-refs/l0/PDR-019.md": "d9171d2180cdc2dae6a1861000042afe6eb9fd04b2b1c4f6a86de817b1b736e5",
    "decision-refs/l0/PDR-020.md": "29e00de0da850fd2d9374fb7670b46a910be6c53994171a0be2d087bcfd1ca93",
    "decision-refs/l0/PDR-021.md": "714ad9b85e733ed7163ba23c25e39a7ef359dc6bb29c563fd8315f6a82e75d72",
    "decision-refs/l0/PDR-022.md": "0877756171a1a8f12fd90c3f2c9b48489b7843e7ed524430cff3bf712c8a042d",
    "decision-refs/l0/PDR-023.md": "3087887ed5f8708f2981d8c9a6d2771a24b31510193090f702867659f003a639",
    "decision-refs/l0/PDR-024.md": "8dcea2e7aa96a816b69753c5b25ecd5511ad6a9c5c673346e837c29053ce481a",
    "decision-refs/l0/PDR-025.md": "79d308e1b2ea4c1f19b51e8700884649459c2b6465b7580d7d9a56cce142c6ab",
    "decision-refs/l0/PDR-026.md": "aec74be93725933a386438320fbaaa82f0f78c1523d48b3e2b682afe5456ae6f",
    "decision-refs/l0/PDR-027.md": "a2ffbc906a35f567e0ee6b45e2f250d693e0e5c63d5638d1959ea651cebf571f",
    "decision-refs/l0/PDR-028.md": "eb06a9a48426c80d6e41e92f69c181b36f2265b1b098d603b082705b7598f48d",
    "decision-refs/l0/PDR-029.md": "19fc4002c958e66e2e1dc46cbe6c5d6179ecd3bfde507c2101470674ce1dea59",
    "decision-refs/l0/PDR-030.md": "e4b19fee10b4403aa4ccd88b08d6ba5fd25514f1959efc0d0578e41b7a4da55f",
    "decision-refs/l1/ADR-001.md": "4aeecc579e94604582ff2d54b5532181706f2d6e0ca53ea8fcaa2e32bbf66b02",
    "decision-refs/l1/ADR-002.md": "953706fe7a962ff6219777cc5979a99aa4ec450f73d7668cde9be87fa34b607b",
    "decision-refs/l1/ADR-004.md": "92c426b9a9c00dcc4b392c852a6c8b064633b6a07a8badf6a6b93c77030dd2af",
    "decision-refs/l1/ADR-005.md": "49a6724d1948b321610ca653744ab968ef622219f896f12fbad7242c960ca62b",
    "decision-refs/l1/ADR-006.md": "0f322031e8459e164e788a3f4c89e51f0f434267b7be6c2ff1f9f51977f30e8a",
    "decision-refs/l1/ADR-008.md": "707fee63e4f17b9872e97ef3cc3028229d5a2ced5796ce30d612dcdbe9104da0",
    "decision-refs/l1/ADR-009.md": "97cca74cd3b09800d110c8fe7a757b2c237a7742ea9f8223bdd22cd95e313ebd",
    "decision-refs/l1/ADR-010.md": "da7dd3d773b6f0387dc9732620104e26dd5e8c8beafddab031956c7217c6036d",
    "decision-refs/l1/ADR-011.md": "81500da0a126ad751bca5031284bccb3088c875b5553935736ecc82cbaac592b",
    "decision-refs/l1/ADR-012.md": "88be917fd9d46f8df17916a545509944d0168a2a8c407d773691ff081c28b8e5",
    "decision-refs/l1/ADR-013.md": "1ea197c6e91802bcaeb43cd352df6e9366ec101745d3f7f869560416515c5f1e",
    "decision-refs/l1/ADR-014.md": "9bb73c7b4e9a7609da0229689a804027be824e874ddd7b7be7d7e65b849f41fa",
    "decision-refs/l1/ADR-015.md": "966b3db1248616fd58f59cdcbd7c1d9be6da28603cb9562cce427ee73b5972c6",
    "decision-refs/l1/ADR-016.md": "96196edf3cb55fe25c1b98687d59b1c5b1fdb70066bfb34603f54a222414a523",
    "decision-refs/l1/ADR-017.md": "b1b911e7771322672d4d0033f5b65f82f9d5ca30ba457f9874519705fb7fd9a1",
    "decision-refs/l1/ADR-018.md": "a0c5879a0d8779d15771c62d16ddeef0766651e01a6442e45c5da9ad9ecc922a",
    "decision-refs/l1/ADR-019.md": "52918cee09f0030651cd83ce93003c2b5ecd04a20b26277c239ad1367faf7923",
    "decision-refs/l1/ADR-020.md": "853925b6b185e06ddb6338789e9d390ae476a902a824e0a748ca5818d26023d4",
    "decision-refs/l1/ADR-021.md": "405aa64a568ff0445aa2215c7f71606468eb126ca96e838cb045f700e283fc78",
    "decision-refs/l1/ADR-022.md": "aa85d936fd41ff541fd5c8a463fc5d45fd2afd8e75648816d1d623e0620cf2b3",
    "decision-refs/l1/ADR-023.md": "8e53ffa85ac1788fbaca6854e0720ec17242dacd4a15c9c7e8f026347d1c3fa7",
    "decision-refs/l1/ADR-024.md": "81fe957f9e61482f2408b024be88e9161073207d721e87d57a5ef73c85dcdbdf",
    "decision-refs/l1/ADR-025.md": "b1a1a9609182cd3969eec3731d1fd9fdec796dba31fe7b34a7f5c8fcfdc5fd89",
    "decision-refs/l1/ADR-026.md": "afd4e6e09c57c0ad005cfa7d7a484c8baac06f999f0fc7519eaeea03fd489b35",
    "decision-refs/l1/ADR-027.md": "61d5cd8903e77f973188a20490061539076b878b56116587d4b7c5c1b6a8ca92",
    "decision-refs/l1/ADR-028.md": "ec4f87d933fa49c270afe97fd742d808f265fb0a9d2f239c03a92c2ebad72c73",
    "decision-refs/l1/ADR-029.md": "06a9509836dbfa778dbe079aa7c2783fc3e59f465df562d16a1bc20aebd79698",
    "decision-refs/l1/ADR-030.md": "c6369eeb829cfa02ecca398fba035787e928950f335c9527bdfa0692217d1c3d",
    "decision-refs/l1/ADR-031.md": "336e78a4ca266e96d0d9e6f6d962bc0444747320e12464b1da56cfee7ed30987",
    "decision-refs/l1/ADR-032.md": "3d454d235d51266c81a41b02935958fc6de91620f8f642bd842118b582ce876c",
    "decision-refs/l1/ADR-033.md": "471a2298262e2c7fd760db2521ce1df59a121ca18a51cf1870957eaa87133de3",
    "decision-refs/l1/ADR-034.md": "012fbdb09bc8da295060917536192814e81d4c19b24a987256df954e1576c75c",
    "decision-refs/l1/ADR-035.md": "a61c02530dd54509d308e40097a4085e10c25615838bd21fbb830e0056167329",
    "decision-refs/l1/ADR-036.md": "1806909c1bfb886fe9b97555ff87e30a2d9e951bcd36ed2e2e4682d963244751",
    "decision-refs/l1/ADR-037.md": "975be61682c7605a751e21d256782c576e12152e337282d8817e433729fec265",
    "decision-refs/l1/ADR-038.md": "73a4089eeed45a0ab459bb98c7e6c5e6f442fa01eb38390442cbd271078185c1",
    "decision-refs/l1/ADR-039.md": "5fea98c907e6c34b02cd01ae3bee4d0954bda7aa0b3536843fe8ef201c6f9c9f",
    "decision-refs/l1/ADR-040.md": "1db6da926cc645eae369b0dee8cad7a83120a9cee0df8a92d7cc65d362505ac1",
    "decision-refs/l1/ADR-041.md": "203630476aa3a02bf3b7fd5378de300cfd4325caa822f5785caf99fa3fdfde2b",
    "decision-refs/l1/ADR-042.md": "b624dc65963e7daa165abb4dc858142d17c79a31a407e3d2511b803e4c1ef12f",
    "decision-refs/l1/ADR-043.md": "b410bb8981beec61d3d08a4a3329153cf7549ac1f9072f4da3f12835a74984ff",
    "decision-refs/l1/ADR-045.md": "c8fe7d9890e22f32b08d1508d36c08917335e16e99cfaaa40615c84258bc0c75",
    "decision-refs/l1/ADR-046.md": "bac9feb0901caed2c9d50f992c1e3802e5a3c666e60780d303c3548769311172",
    "decision-refs/l1/ADR-047.md": "8aff120f632731b2046e56bd7eb561054cf203ead5cfbea66e8c3c074a6725f1",
    "decision-refs/l1/ADR-048.md": "5a5f8c72021e98bd9ecd12aacd4cda91062ca0b3bd68a5d8de70353c70b11f38",
    "decision-refs/l1/ADR-049.md": "82611b43051df30048069e648f915f2c58d2ee402144f63f1fdf3059b0a1ded1",
    "decision-refs/l1/ADR-050.md": "7268b8da183b18b500361396135e24667ba2b117db3f7db76c353966ebb22983",
    "decision-refs/l1/ADR-051.md": "b9c893aacf9a7dc58fa4a4d4c6c0e9b3abeeedbc4191689394c029b7c2ebeb9d",
    "decision-refs/l1/ADR-052.md": "8b21bf3e94965249c5f7a2e9d90175ce6638fe0f4b1e44ef4c5c50df13b14400",
    "decision-refs/l1/ADR-053.md": "73bb1871bc640e15df045eeb1c480d076793caa2f6be240974efebc8d8ec1cfd",
    "decision-refs/l1/ADR-054.md": "5e41e633aeb7ada07dfc222fb55517df6ce58b4924f401841df01947145ed37b",
    "decision-refs/l1/ADR-055.md": "c292f2ceccb0874add6e3a706d8b7ba15215970b2fc994082a9c7b76ff5f1c83",
    "decision-refs/l1/ADR-056.md": "05043174883715bec83cb426926f9cbb6453525a814e7984fb4496ce1c533a41",
    "decision-refs/l1/BRIEF-001.md": "c69e5e68a94034ae518c754c5f907037ed94fab2c5f502ce8d93fdc01ecad503",
    "decision-refs/l1/BRIEF-002.md": "da0e67979ba7ef950710e2cc9c9479594d5cc7d05fbe4be58a22a78215313247",
    "decision-refs/l1/BRIEF-003.md": "62b1e223919a6e7dd87c68f2275f22d185c26e9c953a052f20016e5f8930f3f5",
    "decision-refs/l1/BRIEF-004.md": "da3dcb3acea853dd5950c338238923ceea36b2377e2fdaed8fb9aa26c700e41a",
    "decision-refs/l1/BRIEF-005.md": "2824286c45a8ce1ed8d742434f838c883eebc8248084703ee4512728c2c079cc",
    "decision-refs/l1/BRIEF-006.md": "54e54014bbdb40d7e21383f79756fd10cb4340eda0ff324e80362001df6e81ad",
    "decision-refs/l1/BRIEF-007.md": "2fc8269812197515995faba49f1321f95663c2e8b6f336a87e6e9dc34ab00e5e",
    "decision-refs/l1/BRIEF-008.md": "38bfbb4beddc26accc6e0289d49981c71ea64b8189e76d726e3229d0f1dafb57",
    "decision-refs/l1/BRIEF-009.md": "331950203ffbef4b9431784a110ee743124cd7de44003ec36b4fb34fcb5a8c3e",
    "decision-refs/l1/BRIEF-010.md": "5e9cd9ac6378a4d3e86bd26b4373c148191f7604414e2bd427140bcf8f4915e0",
    "decision-refs/l1/BRIEF-011.md": "e34487db9a7c50493c6b16a0a73e9733ffeab5e1d0ba41553e65130bc70857bf",
    "decision-refs/l1/BRIEF-012.md": "417503e77be8e2a6827d7237826b0e5bab023714c90e72d057da034748e41830",
    "decision-refs/l1/BRIEF-013.md": "0689a4fd2b8d45924aeed739e164f4cec8aaa9d92c0dfea28c2678edfb1a36b4",
    "decision-refs/l1/BRIEF-014.md": "134f79ca0cb9d7324386131caa1b1b160ef0ec4ac7bd67b320c7dbe804d169f1",
    "decision-refs/l1/BRIEF-015.md": "f077ff90a078f4e83d0cd8e57af6588992e9848f6aa8c76edcbf95e76fb511e2",
    "decision-refs/l1/PDR-001.md": "d730c5a8bf5632249e6a5a92db2f9ef5346dc41de448a0bc335a43f8cb106056",
    "decision-refs/l1/PDR-002.md": "f18ca4d116aa05247de197be721199964141f4962286f383f389335b9e7327fc",
    "decision-refs/l1/PDR-003.md": "bccbd2870257869a7ea3dcd13104229d4a4d9d1bd7b945fbd4ae705452fc00cd",
    "decision-refs/l1/PDR-004.md": "1d8f59efa0d3178a0bd00605995560741a5ca90ef6a4be963cd466c29c96aa0e",
    "decision-refs/l1/PDR-005.md": "60063f2b67c894046d02560f2c45271f2a904219ebdb3311b43c81570a56e03b",
    "decision-refs/l1/PDR-006.md": "cebda70d13fb2637d64ef2765b9b46d1c620401c72f45c8bcddf7c61dced9d30",
    "decision-refs/l1/PDR-007.md": "d61cf60b7314cf183fcef5c61f0595465bdeb030dddaebd58979e038be020bba",
    "decision-refs/l1/PDR-009.md": "06967b851008cea40d8024e7f848aaebf7196884633e60dfc5066b918551e147",
    "decision-refs/l1/PDR-010.md": "530704dea7cb432f8eb5c04b89d0806fba171dc688be1ae458f8d2cb055ad945",
    "decision-refs/l1/PDR-011.md": "dfb85d12999e7b5d96d4000aa9f7dc3173a31aef7a7e85d9d13653c3eac8412a",
    "decision-refs/l1/PDR-012.md": "c0355e7d934048b75ce12ab0b02a76bdcacceb73dbf97e5d72bb572168f7bcc4",
    "decision-refs/l1/PDR-013.md": "5e23f0e9d082b1cc2c151035c6a081767a3918dc6a54ca07e9df0c1a953e9f0f",
    "decision-refs/l1/PDR-014.md": "f7e1e10be5dfd41de667521902861bfae5a5ee51eedc445ec0cc6635163b797d",
    "decision-refs/l1/PDR-015.md": "d1e4978636552a75dfb759a926931f7a60ee4823181794c06f5499df23fc9188",
    "decision-refs/l1/PDR-016.md": "39a35533a520eef69c8e08b09ff7d21b12ea47b4f12bca1f711b69120d19e089",
    "decision-refs/l1/PDR-017.md": "ee51010cda0e70efa9a48de10f98583d7a51f1050797abc238305385f96814ad",
    "decision-refs/l1/PDR-018.md": "d10034b46a8140cda9d7d6616376a2bf3db25db80203af2019bb368730f8b37b",
    "decision-refs/l1/PDR-019.md": "b268884318b93cbbf34109204063c8b22f859a03c09ecf91bc362394fc153c37",
    "decision-refs/l1/PDR-020.md": "4c9f90c0ffdcda6bff635cc02ea49482105ec4a1c10991443a277ab31130fc2f",
    "decision-refs/l1/PDR-021.md": "42dc43574c329938a23670742f9b2cc34d4adebee586323299eddd53193640e1",
    "decision-refs/l1/PDR-022.md": "3a97ebfcba8976e92ed656aea3ac2d9e52d3c45827c3731d21fee9a2e52326cb",
    "decision-refs/l1/PDR-023.md": "12ecfbf33338f1312432a11430d225aace9fe0b0fd97ef4ae3ef8ba57ca4f6d7",
    "decision-refs/l1/PDR-024.md": "cd82153c8dc0b104b98e7fd28c1f884d8d6e2707567354c12bc5ce4b2e563018",
    "decision-refs/l1/PDR-025.md": "f49a6ef6b14e690db166fb7738b42a98dd8949b41c96472590be2832565f8bf1",
    "decision-refs/l1/PDR-026.md": "da78a3e8dba1154d259596cef967f697988efa1b34fa005abbe76ae85b25f758",
    "decision-refs/l1/PDR-027.md": "a27471b25d567ec1801a3eb40b0d52d89c5be016f2abb7b337a496e34dd053df",
    "decision-refs/l1/PDR-028.md": "3451bec15b28bad987cd031249cd0e34f4236564fb48153b1f8aa0df134e2fe9",
    "decision-refs/l1/PDR-029.md": "d68f5fd667fb3cfede0a775fc8fe949a30e5de7f4ee0b5979968078933b18bdb",
    "decision-refs/l1/PDR-030.md": "c010afe339d942c101ea46a3dff2e6ccae63a12b59f2511825bf13b82289cd81",
    "decision-refs/llms.txt": "bf028185af405a9f35599cb2649170501d0b567d2ec77fb4a7cc8ca47d28128f"
  }
}
